github.com/devinherron/dice v0.0.0-20210710011858-45999b70daf9 h1:0b2b2v0cbiEuPC9jQUPh9Ww8kPch7IJ6a0pDkDcIBF8=
github.com/devinherron/dice v0.0.0-20210710011858-45999b70daf9/go.mod h1:90BP9tWG5RcT7KcRTYxMZYlsUzFu1zsWR34QnxzuiPs=
github.com/devinherron/dice v0.0.0-20220701033449-2d3a2aae0c15 h1:24Pt1knHBAO3uQazDpnjU84qamju/0GvI4+S6aiAIUU=
github.com/devinherron/dice v0.0.0-20220701033449-2d3a2aae0c15/go.mod h1:90BP9tWG5RcT7KcRTYxMZYlsUzFu1zsWR34QnxzuiPs=
